
Microsoft Visual Studio Solution File, Format Version 11.00
# Visual Studio 2010
Project("{FAE04EC0-301F-11D3-BF4B-00C04F79EFBC}") = "Assembly-CSharp", "Assembly-CSharp.csproj", "{E3481F15-412E-965A-698C-5563D34C0243}"
EndProject
Project("{FAE04EC0-301F-11D3-BF4B-00C04F79EFBC}") = "UnityGameFramework.Runtime", "UnityGameFramework.Runtime.csproj", "{5B4DF8B9-78B8-7A13-3E2C-5C6F05123A3B}"
EndProject
Project("{FAE04EC0-301F-11D3-BF4B-00C04F79EFBC}") = "SimpleWebTransport", "SimpleWebTransport.csproj", "{21AE5A7B-A7AB-6CDE-BA43-85C796CC1238}"
EndProject
Project("{FAE04EC0-301F-11D3-BF4B-00C04F79EFBC}") = "Mirror.Examples", "Mirror.Examples.csproj", "{E9F16635-3FCE-ABC4-5790-3BB3527965B3}"
EndProject
Project("{FAE04EC0-301F-11D3-BF4B-00C04F79EFBC}") = "Mirror", "Mirror.csproj", "{C82E2C60-2029-1957-9D8B-26E3C4F93379}"
EndProject
Project("{FAE04EC0-301F-11D3-BF4B-00C04F79EFBC}") = "Mirror.Components", "Mirror.Components.csproj", "{5732FD30-3F8E-5BF3-3559-AC9EF0000F3D}"
EndProject
Project("{FAE04EC0-301F-11D3-BF4B-00C04F79EFBC}") = "Mirror.Transports", "Mirror.Transports.csproj", "{1BFB0314-F953-BB94-8226-FFB0C979B48D}"
EndProject
Project("{FAE04EC0-301F-11D3-BF4B-00C04F79EFBC}") = "Telepathy", "Telepathy.csproj", "{3476CA09-8862-409F-C13C-68C99764C297}"
EndProject
Project("{FAE04EC0-301F-11D3-BF4B-00C04F79EFBC}") = "kcp2k", "kcp2k.csproj", "{FF2D8833-7117-7378-6C84-20E0B310848E}"
EndProject
Project("{FAE04EC0-301F-11D3-BF4B-00C04F79EFBC}") = "MultiplexTransport", "MultiplexTransport.csproj", "{377CCD9B-710A-1F9C-AE7C-6B128B1410C3}"
EndProject
Project("{FAE04EC0-301F-11D3-BF4B-00C04F79EFBC}") = "MiddlewareTransport", "MiddlewareTransport.csproj", "{A0C14497-F9C1-76DC-2C34-26E156A42F31}"
EndProject
Project("{FAE04EC0-301F-11D3-BF4B-00C04F79EFBC}") = "Mirror.Authenticators", "Mirror.Authenticators.csproj", "{52A56828-70F0-40A7-EBE8-E55C05DFBE5E}"
EndProject
Project("{FAE04EC0-301F-11D3-BF4B-00C04F79EFBC}") = "Unity.Mirror.CodeGen", "Unity.Mirror.CodeGen.csproj", "{B2624DB1-95B9-6E52-35B7-43FA65FDA216}"
EndProject
Project("{FAE04EC0-301F-11D3-BF4B-00C04F79EFBC}") = "UnityGameFramework.Editor", "UnityGameFramework.Editor.csproj", "{1A273BED-91CE-1A80-399B-8A703170B6EF}"
EndProject
Project("{FAE04EC0-301F-11D3-BF4B-00C04F79EFBC}") = "Assembly-CSharp-Editor", "Assembly-CSharp-Editor.csproj", "{B2DF973C-81C9-2A30-8E4A-978113597479}"
EndProject
Project("{FAE04EC0-301F-11D3-BF4B-00C04F79EFBC}") = "Mirror.Editor", "Mirror.Editor.csproj", "{45D1FA66-60C8-6CED-4780-ACF4D4A6778C}"
EndProject
Project("{FAE04EC0-301F-11D3-BF4B-00C04F79EFBC}") = "Mirror.CompilerSymbols", "Mirror.CompilerSymbols.csproj", "{9E53454D-7CC0-D9F8-FCC9-5F9B49614C50}"
EndProject
Global
	GlobalSection(SolutionConfigurationPlatforms) = preSolution
		Debug|Any CPU = Debug|Any CPU
		Release|Any CPU = Release|Any CPU
	EndGlobalSection
	GlobalSection(ProjectConfigurationPlatforms) = postSolution
		{E3481F15-412E-965A-698C-5563D34C0243}.Debug|Any CPU.ActiveCfg = Debug|Any CPU
		{E3481F15-412E-965A-698C-5563D34C0243}.Debug|Any CPU.Build.0 = Debug|Any CPU
		{E3481F15-412E-965A-698C-5563D34C0243}.Release|Any CPU.ActiveCfg = Release|Any CPU
		{E3481F15-412E-965A-698C-5563D34C0243}.Release|Any CPU.Build.0 = Release|Any CPU
		{5B4DF8B9-78B8-7A13-3E2C-5C6F05123A3B}.Debug|Any CPU.ActiveCfg = Debug|Any CPU
		{5B4DF8B9-78B8-7A13-3E2C-5C6F05123A3B}.Debug|Any CPU.Build.0 = Debug|Any CPU
		{5B4DF8B9-78B8-7A13-3E2C-5C6F05123A3B}.Release|Any CPU.ActiveCfg = Release|Any CPU
		{5B4DF8B9-78B8-7A13-3E2C-5C6F05123A3B}.Release|Any CPU.Build.0 = Release|Any CPU
		{21AE5A7B-A7AB-6CDE-BA43-85C796CC1238}.Debug|Any CPU.ActiveCfg = Debug|Any CPU
		{21AE5A7B-A7AB-6CDE-BA43-85C796CC1238}.Debug|Any CPU.Build.0 = Debug|Any CPU
		{21AE5A7B-A7AB-6CDE-BA43-85C796CC1238}.Release|Any CPU.ActiveCfg = Release|Any CPU
		{21AE5A7B-A7AB-6CDE-BA43-85C796CC1238}.Release|Any CPU.Build.0 = Release|Any CPU
		{E9F16635-3FCE-ABC4-5790-3BB3527965B3}.Debug|Any CPU.ActiveCfg = Debug|Any CPU
		{E9F16635-3FCE-ABC4-5790-3BB3527965B3}.Debug|Any CPU.Build.0 = Debug|Any CPU
		{E9F16635-3FCE-ABC4-5790-3BB3527965B3}.Release|Any CPU.ActiveCfg = Release|Any CPU
		{E9F16635-3FCE-ABC4-5790-3BB3527965B3}.Release|Any CPU.Build.0 = Release|Any CPU
		{C82E2C60-2029-1957-9D8B-26E3C4F93379}.Debug|Any CPU.ActiveCfg = Debug|Any CPU
		{C82E2C60-2029-1957-9D8B-26E3C4F93379}.Debug|Any CPU.Build.0 = Debug|Any CPU
		{C82E2C60-2029-1957-9D8B-26E3C4F93379}.Release|Any CPU.ActiveCfg = Release|Any CPU
		{C82E2C60-2029-1957-9D8B-26E3C4F93379}.Release|Any CPU.Build.0 = Release|Any CPU
		{5732FD30-3F8E-5BF3-3559-AC9EF0000F3D}.Debug|Any CPU.ActiveCfg = Debug|Any CPU
		{5732FD30-3F8E-5BF3-3559-AC9EF0000F3D}.Debug|Any CPU.Build.0 = Debug|Any CPU
		{5732FD30-3F8E-5BF3-3559-AC9EF0000F3D}.Release|Any CPU.ActiveCfg = Release|Any CPU
		{5732FD30-3F8E-5BF3-3559-AC9EF0000F3D}.Release|Any CPU.Build.0 = Release|Any CPU
		{1BFB0314-F953-BB94-8226-FFB0C979B48D}.Debug|Any CPU.ActiveCfg = Debug|Any CPU
		{1BFB0314-F953-BB94-8226-FFB0C979B48D}.Debug|Any CPU.Build.0 = Debug|Any CPU
		{1BFB0314-F953-BB94-8226-FFB0C979B48D}.Release|Any CPU.ActiveCfg = Release|Any CPU
		{1BFB0314-F953-BB94-8226-FFB0C979B48D}.Release|Any CPU.Build.0 = Release|Any CPU
		{3476CA09-8862-409F-C13C-68C99764C297}.Debug|Any CPU.ActiveCfg = Debug|Any CPU
		{3476CA09-8862-409F-C13C-68C99764C297}.Debug|Any CPU.Build.0 = Debug|Any CPU
		{3476CA09-8862-409F-C13C-68C99764C297}.Release|Any CPU.ActiveCfg = Release|Any CPU
		{3476CA09-8862-409F-C13C-68C99764C297}.Release|Any CPU.Build.0 = Release|Any CPU
		{FF2D8833-7117-7378-6C84-20E0B310848E}.Debug|Any CPU.ActiveCfg = Debug|Any CPU
		{FF2D8833-7117-7378-6C84-20E0B310848E}.Debug|Any CPU.Build.0 = Debug|Any CPU
		{FF2D8833-7117-7378-6C84-20E0B310848E}.Release|Any CPU.ActiveCfg = Release|Any CPU
		{FF2D8833-7117-7378-6C84-20E0B310848E}.Release|Any CPU.Build.0 = Release|Any CPU
		{377CCD9B-710A-1F9C-AE7C-6B128B1410C3}.Debug|Any CPU.ActiveCfg = Debug|Any CPU
		{377CCD9B-710A-1F9C-AE7C-6B128B1410C3}.Debug|Any CPU.Build.0 = Debug|Any CPU
		{377CCD9B-710A-1F9C-AE7C-6B128B1410C3}.Release|Any CPU.ActiveCfg = Release|Any CPU
		{377CCD9B-710A-1F9C-AE7C-6B128B1410C3}.Release|Any CPU.Build.0 = Release|Any CPU
		{A0C14497-F9C1-76DC-2C34-26E156A42F31}.Debug|Any CPU.ActiveCfg = Debug|Any CPU
		{A0C14497-F9C1-76DC-2C34-26E156A42F31}.Debug|Any CPU.Build.0 = Debug|Any CPU
		{A0C14497-F9C1-76DC-2C34-26E156A42F31}.Release|Any CPU.ActiveCfg = Release|Any CPU
		{A0C14497-F9C1-76DC-2C34-26E156A42F31}.Release|Any CPU.Build.0 = Release|Any CPU
		{52A56828-70F0-40A7-EBE8-E55C05DFBE5E}.Debug|Any CPU.ActiveCfg = Debug|Any CPU
		{52A56828-70F0-40A7-EBE8-E55C05DFBE5E}.Debug|Any CPU.Build.0 = Debug|Any CPU
		{52A56828-70F0-40A7-EBE8-E55C05DFBE5E}.Release|Any CPU.ActiveCfg = Release|Any CPU
		{52A56828-70F0-40A7-EBE8-E55C05DFBE5E}.Release|Any CPU.Build.0 = Release|Any CPU
		{B2624DB1-95B9-6E52-35B7-43FA65FDA216}.Debug|Any CPU.ActiveCfg = Debug|Any CPU
		{B2624DB1-95B9-6E52-35B7-43FA65FDA216}.Debug|Any CPU.Build.0 = Debug|Any CPU
		{B2624DB1-95B9-6E52-35B7-43FA65FDA216}.Release|Any CPU.ActiveCfg = Release|Any CPU
		{B2624DB1-95B9-6E52-35B7-43FA65FDA216}.Release|Any CPU.Build.0 = Release|Any CPU
		{1A273BED-91CE-1A80-399B-8A703170B6EF}.Debug|Any CPU.ActiveCfg = Debug|Any CPU
		{1A273BED-91CE-1A80-399B-8A703170B6EF}.Debug|Any CPU.Build.0 = Debug|Any CPU
		{1A273BED-91CE-1A80-399B-8A703170B6EF}.Release|Any CPU.ActiveCfg = Release|Any CPU
		{1A273BED-91CE-1A80-399B-8A703170B6EF}.Release|Any CPU.Build.0 = Release|Any CPU
		{B2DF973C-81C9-2A30-8E4A-978113597479}.Debug|Any CPU.ActiveCfg = Debug|Any CPU
		{B2DF973C-81C9-2A30-8E4A-978113597479}.Debug|Any CPU.Build.0 = Debug|Any CPU
		{B2DF973C-81C9-2A30-8E4A-978113597479}.Release|Any CPU.ActiveCfg = Release|Any CPU
		{B2DF973C-81C9-2A30-8E4A-978113597479}.Release|Any CPU.Build.0 = Release|Any CPU
		{45D1FA66-60C8-6CED-4780-ACF4D4A6778C}.Debug|Any CPU.ActiveCfg = Debug|Any CPU
		{45D1FA66-60C8-6CED-4780-ACF4D4A6778C}.Debug|Any CPU.Build.0 = Debug|Any CPU
		{45D1FA66-60C8-6CED-4780-ACF4D4A6778C}.Release|Any CPU.ActiveCfg = Release|Any CPU
		{45D1FA66-60C8-6CED-4780-ACF4D4A6778C}.Release|Any CPU.Build.0 = Release|Any CPU
		{9E53454D-7CC0-D9F8-FCC9-5F9B49614C50}.Debug|Any CPU.ActiveCfg = Debug|Any CPU
		{9E53454D-7CC0-D9F8-FCC9-5F9B49614C50}.Debug|Any CPU.Build.0 = Debug|Any CPU
		{9E53454D-7CC0-D9F8-FCC9-5F9B49614C50}.Release|Any CPU.ActiveCfg = Release|Any CPU
		{9E53454D-7CC0-D9F8-FCC9-5F9B49614C50}.Release|Any CPU.Build.0 = Release|Any CPU
	EndGlobalSection
	GlobalSection(SolutionProperties) = preSolution
		HideSolutionNode = FALSE
	EndGlobalSection
EndGlobal
